// !$*UTF8*$!
{
	archiveVersion = 1;
	classes = {
	};
	objectVersion = 51;
	objects = {

/* Begin PBXBuildFile section */
		188208E49182D75DF34CED00 /* Pods_NewsShowcaseTests.framework in Frameworks */ = {isa = PBXBuildFile; fileRef = 7E3A61FA7407EDCCB5837A3B /* Pods_NewsShowcaseTests.framework */; };
		46B2389A5E4BEE6CA150D3A4 /* Pods_NewsShowcase.framework in Frameworks */ = {isa = PBXBuildFile; fileRef = 29AE22161709AACDA9912694 /* Pods_NewsShowcase.framework */; };
		B61F0E6C248A2D9200C9C69F /* api-401.json in Resources */ = {isa = PBXBuildFile; fileRef = B61F0E6B248A2D9200C9C69F /* api-401.json */; };
		B61F0E74248A387F00C9C69F /* SourcesListViewController.swift in Sources */ = {isa = PBXBuildFile; fileRef = B61F0E72248A387F00C9C69F /* SourcesListViewController.swift */; };
		B61F0E75248A387F00C9C69F /* SourcesListViewController.xib in Resources */ = {isa = PBXBuildFile; fileRef = B61F0E73248A387F00C9C69F /* SourcesListViewController.xib */; };
		B61F0E77248A38AE00C9C69F /* SourcesListPresenter.swift in Sources */ = {isa = PBXBuildFile; fileRef = B61F0E76248A38AE00C9C69F /* SourcesListPresenter.swift */; };
		B61F0E79248A38BA00C9C69F /* SourcesListInteractor.swift in Sources */ = {isa = PBXBuildFile; fileRef = B61F0E78248A38BA00C9C69F /* SourcesListInteractor.swift */; };
		B61F0E7B248A38C500C9C69F /* SourcesListRouter.swift in Sources */ = {isa = PBXBuildFile; fileRef = B61F0E7A248A38C500C9C69F /* SourcesListRouter.swift */; };
		B61F0E7D248A39BD00C9C69F /* SourcesListContracts.swift in Sources */ = {isa = PBXBuildFile; fileRef = B61F0E7C248A39BD00C9C69F /* SourcesListContracts.swift */; };
		B61F0E82248A3E5D00C9C69F /* BaseViewController.swift in Sources */ = {isa = PBXBuildFile; fileRef = B61F0E81248A3E5D00C9C69F /* BaseViewController.swift */; };
		B61F0E84248A3E8500C9C69F /* BaseInteractor.swift in Sources */ = {isa = PBXBuildFile; fileRef = B61F0E83248A3E8500C9C69F /* BaseInteractor.swift */; };
		B61F0E86248A3F4800C9C69F /* BasePresenterProtocol.swift in Sources */ = {isa = PBXBuildFile; fileRef = B61F0E85248A3F4800C9C69F /* BasePresenterProtocol.swift */; };
		B61F0E88248A3F7000C9C69F /* BaseRouterProtocol.swift in Sources */ = {isa = PBXBuildFile; fileRef = B61F0E87248A3F7000C9C69F /* BaseRouterProtocol.swift */; };
		B61F0E8B248A442400C9C69F /* SourcesEntity.swift in Sources */ = {isa = PBXBuildFile; fileRef = B61F0E8A248A442400C9C69F /* SourcesEntity.swift */; };
		B63D42BD248AA7EE00AC3633 /* UIBarButtonItem+.swift in Sources */ = {isa = PBXBuildFile; fileRef = B63D42BC248AA7EE00AC3633 /* UIBarButtonItem+.swift */; };
		B63D42C0248AB41800AC3633 /* TopHeadlinesListContracts.swift in Sources */ = {isa = PBXBuildFile; fileRef = B63D42BF248AB41800AC3633 /* TopHeadlinesListContracts.swift */; };
		B63D42C2248AB42E00AC3633 /* TopHeadlinesListInteractor.swift in Sources */ = {isa = PBXBuildFile; fileRef = B63D42C1248AB42E00AC3633 /* TopHeadlinesListInteractor.swift */; };
		B63D42C4248AB43800AC3633 /* TopHeadlinesListPresenter.swift in Sources */ = {isa = PBXBuildFile; fileRef = B63D42C3248AB43800AC3633 /* TopHeadlinesListPresenter.swift */; };
		B63D42C6248AB44000AC3633 /* TopHeadlinesListRouter.swift in Sources */ = {isa = PBXBuildFile; fileRef = B63D42C5248AB44000AC3633 /* TopHeadlinesListRouter.swift */; };
		B63D42C9248AB45900AC3633 /* TopHeadlinesListViewController.swift in Sources */ = {isa = PBXBuildFile; fileRef = B63D42C7248AB45900AC3633 /* TopHeadlinesListViewController.swift */; };
		B63D42CA248AB45900AC3633 /* TopHeadlinesListViewController.xib in Resources */ = {isa = PBXBuildFile; fileRef = B63D42C8248AB45900AC3633 /* TopHeadlinesListViewController.xib */; };
		B63D42CD248AB65300AC3633 /* SourceCategoryCellItem.swift in Sources */ = {isa = PBXBuildFile; fileRef = B63D42CC248AB65300AC3633 /* SourceCategoryCellItem.swift */; };
		B63D42CF248AB66700AC3633 /* SourceCellItem.swift in Sources */ = {isa = PBXBuildFile; fileRef = B63D42CE248AB66700AC3633 /* SourceCellItem.swift */; };
		B63D42D1248AB6D800AC3633 /* ArticlesEntity.swift in Sources */ = {isa = PBXBuildFile; fileRef = B63D42D0248AB6D800AC3633 /* ArticlesEntity.swift */; };
		B63D42D3248AB70100AC3633 /* ArticleCellItem.swift in Sources */ = {isa = PBXBuildFile; fileRef = B63D42D2248AB70100AC3633 /* ArticleCellItem.swift */; };
		B63D42DB248ACD8800AC3633 /* ArticleCell.swift in Sources */ = {isa = PBXBuildFile; fileRef = B63D42D9248ACD8800AC3633 /* ArticleCell.swift */; };
		B63D42DC248ACD8800AC3633 /* ArticleCell.xib in Resources */ = {isa = PBXBuildFile; fileRef = B63D42DA248ACD8800AC3633 /* ArticleCell.xib */; };
		B63D42DF248ACF6700AC3633 /* ArticleSliderCell.swift in Sources */ = {isa = PBXBuildFile; fileRef = B63D42DD248ACF6700AC3633 /* ArticleSliderCell.swift */; };
		B63D42E0248ACF6700AC3633 /* ArticleSliderCell.xib in Resources */ = {isa = PBXBuildFile; fileRef = B63D42DE248ACF6700AC3633 /* ArticleSliderCell.xib */; };
		B63D42E2248AD67300AC3633 /* Date+.swift in Sources */ = {isa = PBXBuildFile; fileRef = B63D42E1248AD67300AC3633 /* Date+.swift */; };
		B67B6F18248AFC4900006F16 /* UserProperties.swift in Sources */ = {isa = PBXBuildFile; fileRef = B67B6F17248AFC4900006F16 /* UserProperties.swift */; };
		B67B6F1A248AFC9300006F16 /* BookmarkManager.swift in Sources */ = {isa = PBXBuildFile; fileRef = B67B6F19248AFC9300006F16 /* BookmarkManager.swift */; };
		B67B6F1C248B034F00006F16 /* ResultStatus.swift in Sources */ = {isa = PBXBuildFile; fileRef = B67B6F1B248B034F00006F16 /* ResultStatus.swift */; };
		B67B6F1F248B061700006F16 /* ResultStatusView.swift in Sources */ = {isa = PBXBuildFile; fileRef = B67B6F1E248B061700006F16 /* ResultStatusView.swift */; };
		B67B6F21248B062200006F16 /* ResultStatusView.xib in Resources */ = {isa = PBXBuildFile; fileRef = B67B6F20248B062200006F16 /* ResultStatusView.xib */; };
		B6A6AB37248A5054001614FF /* SourceCategoryCell.swift in Sources */ = {isa = PBXBuildFile; fileRef = B6A6AB35248A5054001614FF /* SourceCategoryCell.swift */; };
		B6A6AB38248A5054001614FF /* SourceCategoryCell.xib in Resources */ = {isa = PBXBuildFile; fileRef = B6A6AB36248A5054001614FF /* SourceCategoryCell.xib */; };
		B6A6AB3B248A506D001614FF /* SourceItemCell.swift in Sources */ = {isa = PBXBuildFile; fileRef = B6A6AB39248A506D001614FF /* SourceItemCell.swift */; };
		B6A6AB3C248A506D001614FF /* SourceItemCell.xib in Resources */ = {isa = PBXBuildFile; fileRef = B6A6AB3A248A506D001614FF /* SourceItemCell.xib */; };
		B6A6AB3E248A50BD001614FF /* UICollectionView+Reusable.swift in Sources */ = {isa = PBXBuildFile; fileRef = B6A6AB3D248A50BD001614FF /* UICollectionView+Reusable.swift */; };
		B6A6AB40248A50E0001614FF /* Reusable.swift in Sources */ = {isa = PBXBuildFile; fileRef = B6A6AB3F248A50E0001614FF /* Reusable.swift */; };
		B6A6AB42248A514D001614FF /* UITableView+Reusable.swift in Sources */ = {isa = PBXBuildFile; fileRef = B6A6AB41248A514D001614FF /* UITableView+Reusable.swift */; };
		B6A6AB44248A528B001614FF /* Itemable.swift in Sources */ = {isa = PBXBuildFile; fileRef = B6A6AB43248A528B001614FF /* Itemable.swift */; };
		B6A6AB46248A5F92001614FF /* Collection+.swift in Sources */ = {isa = PBXBuildFile; fileRef = B6A6AB45248A5F92001614FF /* Collection+.swift */; };
		B6B0279124892328003516D1 /* ServiceDefinable.swift in Sources */ = {isa = PBXBuildFile; fileRef = B6B0279024892328003516D1 /* ServiceDefinable.swift */; };
		B6B0279324892392003516D1 /* RequestHeaders.swift in Sources */ = {isa = PBXBuildFile; fileRef = B6B0279224892391003516D1 /* RequestHeaders.swift */; };
		B6B027962489242A003516D1 /* AppConfig.swift in Sources */ = {isa = PBXBuildFile; fileRef = B6B027952489242A003516D1 /* AppConfig.swift */; };
		B6B0279A2489245F003516D1 /* Environment.swift in Sources */ = {isa = PBXBuildFile; fileRef = B6B027992489245F003516D1 /* Environment.swift */; };
		B6B0279C24892538003516D1 /* Config-Stage.plist in Resources */ = {isa = PBXBuildFile; fileRef = B6B0279B24892538003516D1 /* Config-Stage.plist */; };
		B6B0279E24892601003516D1 /* Config-Prod.plist in Resources */ = {isa = PBXBuildFile; fileRef = B6B0279D24892601003516D1 /* Config-Prod.plist */; };
		B6B027A1248926B1003516D1 /* Logger.swift in Sources */ = {isa = PBXBuildFile; fileRef = B6B027A0248926B1003516D1 /* Logger.swift */; };
		B6B027A324892A43003516D1 /* NewsService.swift in Sources */ = {isa = PBXBuildFile; fileRef = B6B027A224892A43003516D1 /* NewsService.swift */; };
		B6B027A524892B48003516D1 /* SourcesRequestModel.swift in Sources */ = {isa = PBXBuildFile; fileRef = B6B027A424892B48003516D1 /* SourcesRequestModel.swift */; };
		B6B027A724892FA5003516D1 /* TopHeadlinesRequestModel.swift in Sources */ = {isa = PBXBuildFile; fileRef = B6B027A624892FA5003516D1 /* TopHeadlinesRequestModel.swift */; };
		B6B027A924893013003516D1 /* PaginationRequestModel.swift in Sources */ = {isa = PBXBuildFile; fileRef = B6B027A824893013003516D1 /* PaginationRequestModel.swift */; };
		B6B027B224893630003516D1 /* Codable+.swift in Sources */ = {isa = PBXBuildFile; fileRef = B6B027B124893630003516D1 /* Codable+.swift */; };
		B6B027B424893D67003516D1 /* String+.swift in Sources */ = {isa = PBXBuildFile; fileRef = B6B027B324893D67003516D1 /* String+.swift */; };
		B6B027B624893DA1003516D1 /* Bundle+.swift in Sources */ = {isa = PBXBuildFile; fileRef = B6B027B524893DA1003516D1 /* Bundle+.swift */; };
		B6B027B824893F50003516D1 /* NewsServiceTests.swift in Sources */ = {isa = PBXBuildFile; fileRef = B6B027B724893F50003516D1 /* NewsServiceTests.swift */; };
		B6B027BB24894133003516D1 /* top-headlines-200.json in Resources */ = {isa = PBXBuildFile; fileRef = B6B027B924894133003516D1 /* top-headlines-200.json */; };
		B6B027BC24894133003516D1 /* sources-200.json in Resources */ = {isa = PBXBuildFile; fileRef = B6B027BA24894133003516D1 /* sources-200.json */; };
		B6B027BF2489423C003516D1 /* ServiceFactory.swift in Sources */ = {isa = PBXBuildFile; fileRef = B6B027BE2489423C003516D1 /* ServiceFactory.swift */; };
		B6B027C12489465E003516D1 /* ServiceRequest.swift in Sources */ = {isa = PBXBuildFile; fileRef = B6B027C02489465E003516D1 /* ServiceRequest.swift */; };
		B6B027C724894AEE003516D1 /* ErrorResponseModel.swift in Sources */ = {isa = PBXBuildFile; fileRef = B6B027C624894AEE003516D1 /* ErrorResponseModel.swift */; };
		B6B027C92489764A003516D1 /* SourcesResponseModel.swift in Sources */ = {isa = PBXBuildFile; fileRef = B6B027C82489764A003516D1 /* SourcesResponseModel.swift */; };
		B6B027CB24897663003516D1 /* BaseResponseModel.swift in Sources */ = {isa = PBXBuildFile; fileRef = B6B027CA24897663003516D1 /* BaseResponseModel.swift */; };
		B6B027CD24897782003516D1 /* TopHeadlinesResponseModel.swift in Sources */ = {isa = PBXBuildFile; fileRef = B6B027CC24897782003516D1 /* TopHeadlinesResponseModel.swift */; };
		B6B027CF248977A8003516D1 /* PaginationResponseModel.swift in Sources */ = {isa = PBXBuildFile; fileRef = B6B027CE248977A8003516D1 /* PaginationResponseModel.swift */; };
		B6D9FF68248911F30050A7D9 /* AppDelegate.swift in Sources */ = {isa = PBXBuildFile; fileRef = B6D9FF67248911F30050A7D9 /* AppDelegate.swift */; };
		B6D9FF71248911F40050A7D9 /* Assets.xcassets in Resources */ = {isa = PBXBuildFile; fileRef = B6D9FF70248911F40050A7D9 /* Assets.xcassets */; };
		B6D9FF74248911F40050A7D9 /* LaunchScreen.storyboard in Resources */ = {isa = PBXBuildFile; fileRef = B6D9FF72248911F40050A7D9 /* LaunchScreen.storyboard */; };
		B6D9FF8A248911F40050A7D9 /* NewsShowcaseUITests.swift in Sources */ = {isa = PBXBuildFile; fileRef = B6D9FF89248911F40050A7D9 /* NewsShowcaseUITests.swift */; };
		F989452D66FF42073993E5E4 /* Pods_NewsShowcase_NewsShowcaseUITests.framework in Frameworks */ = {isa = PBXBuildFile; fileRef = 3BABEDDBD8A6B8481E66EA3C /* Pods_NewsShowcase_NewsShowcaseUITests.framework */; };
/* End PBXBuildFile section */

/* Begin PBXContainerItemProxy section */
		B6D9FF7B248911F40050A7D9 /* PBXContainerItemProxy */ = {
			isa = PBXContainerItemProxy;
			containerPortal = B6D9FF5C248911F30050A7D9 /* Project object */;
			proxyType = 1;
			remoteGlobalIDString = B6D9FF63248911F30050A7D9;
			remoteInfo = NewsShowcase;
		};
		B6D9FF86248911F40050A7D9 /* PBXContainerItemProxy */ = {
			isa = PBXContainerItemProxy;
			containerPortal = B6D9FF5C248911F30050A7D9 /* Project object */;
			proxyType = 1;
			remoteGlobalIDString = B6D9FF63248911F30050A7D9;
			remoteInfo = NewsShowcase;
		};
/* End PBXContainerItemProxy section */

/* Begin PBXFileReference section */
		105EABE21C2188E8E6B1B3EE /* Pods-NewsShowcase.debug.xcconfig */ = {isa = PBXFileReference; includeInIndex = 1; lastKnownFileType = text.xcconfig; name = "Pods-NewsShowcase.debug.xcconfig"; path = "Target Support Files/Pods-NewsShowcase/Pods-NewsShowcase.debug.xcconfig"; sourceTree = "<group>"; };
		29AE22161709AACDA9912694 /* Pods_NewsShowcase.framework */ = {isa = PBXFileReference; explicitFileType = wrapper.framework; includeInIndex = 0; path = Pods_NewsShowcase.framework; sourceTree = BUILT_PRODUCTS_DIR; };
		3BABEDDBD8A6B8481E66EA3C /* Pods_NewsShowcase_NewsShowcaseUITests.framework */ = {isa = PBXFileReference; explicitFileType = wrapper.framework; includeInIndex = 0; path = Pods_NewsShowcase_NewsShowcaseUITests.framework; sourceTree = BUILT_PRODUCTS_DIR; };
		4DD2BFC27904BF45E76CDEBF /* Pods-NewsShowcase-NewsShowcaseUITests.release.xcconfig */ = {isa = PBXFileReference; includeInIndex = 1; lastKnownFileType = text.xcconfig; name = "Pods-NewsShowcase-NewsShowcaseUITests.release.xcconfig"; path = "Target Support Files/Pods-NewsShowcase-NewsShowcaseUITests/Pods-NewsShowcase-NewsShowcaseUITests.release.xcconfig"; sourceTree = "<group>"; };
		63595AD401CE035B22E1C3F7 /* Pods-NewsShowcaseTests.debug.xcconfig */ = {isa = PBXFileReference; includeInIndex = 1; lastKnownFileType = text.xcconfig; name = "Pods-NewsShowcaseTests.debug.xcconfig"; path = "Target Support Files/Pods-NewsShowcaseTests/Pods-NewsShowcaseTests.debug.xcconfig"; sourceTree = "<group>"; };
		7E3A61FA7407EDCCB5837A3B /* Pods_NewsShowcaseTests.framework */ = {isa = PBXFileReference; explicitFileType = wrapper.framework; includeInIndex = 0; path = Pods_NewsShowcaseTests.framework; sourceTree = BUILT_PRODUCTS_DIR; };
		8BE447FACD5C53981BF1C766 /* Pods-NewsShowcaseTests.release.xcconfig */ = {isa = PBXFileReference; includeInIndex = 1; lastKnownFileType = text.xcconfig; name = "Pods-NewsShowcaseTests.release.xcconfig"; path = "Target Support Files/Pods-NewsShowcaseTests/Pods-NewsShowcaseTests.release.xcconfig"; sourceTree = "<group>"; };
		B61F0E6B248A2D9200C9C69F /* api-401.json */ = {isa = PBXFileReference; fileEncoding = 4; lastKnownFileType = text.json; path = "api-401.json"; sourceTree = "<group>"; };
		B61F0E72248A387F00C9C69F /* SourcesListViewController.swift */ = {isa = PBXFileReference; lastKnownFileType = sourcecode.swift; path = SourcesListViewController.swift; sourceTree = "<group>"; };
		B61F0E73248A387F00C9C69F /* SourcesListViewController.xib */ = {isa = PBXFileReference; lastKnownFileType = file.xib; path = SourcesListViewController.xib; sourceTree = "<group>"; };
		B61F0E76248A38AE00C9C69F /* SourcesListPresenter.swift */ = {isa = PBXFileReference; lastKnownFileType = sourcecode.swift; path = SourcesListPresenter.swift; sourceTree = "<group>"; };
		B61F0E78248A38BA00C9C69F /* SourcesListInteractor.swift */ = {isa = PBXFileReference; lastKnownFileType = sourcecode.swift; path = SourcesListInteractor.swift; sourceTree = "<group>"; };
		B61F0E7A248A38C500C9C69F /* SourcesListRouter.swift */ = {isa = PBXFileReference; lastKnownFileType = sourcecode.swift; path = SourcesListRouter.swift; sourceTree = "<group>"; };
		B61F0E7C248A39BD00C9C69F /* SourcesListContracts.swift */ = {isa = PBXFileReference; lastKnownFileType = sourcecode.swift; path = SourcesListContracts.swift; sourceTree = "<group>"; };
		B61F0E81248A3E5D00C9C69F /* BaseViewController.swift */ = {isa = PBXFileReference; lastKnownFileType = sourcecode.swift; path = BaseViewController.swift; sourceTree = "<group>"; };
		B61F0E83248A3E8500C9C69F /* BaseInteractor.swift */ = {isa = PBXFileReference; lastKnownFileType = sourcecode.swift; path = BaseInteractor.swift; sourceTree = "<group>"; };
		B61F0E85248A3F4800C9C69F /* BasePresenterProtocol.swift */ = {isa = PBXFileReference; lastKnownFileType = sourcecode.swift; path = BasePresenterProtocol.swift; sourceTree = "<group>"; };
		B61F0E87248A3F7000C9C69F /* BaseRouterProtocol.swift */ = {isa = PBXFileReference; lastKnownFileType = sourcecode.swift; path = BaseRouterProtocol.swift; sourceTree = "<group>"; };
		B61F0E8A248A442400C9C69F /* SourcesEntity.swift */ = {isa = PBXFileReference; lastKnownFileType = sourcecode.swift; path = SourcesEntity.swift; sourceTree = "<group>"; };
		B63D42BC248AA7EE00AC3633 /* UIBarButtonItem+.swift */ = {isa = PBXFileReference; lastKnownFileType = sourcecode.swift; path = "UIBarButtonItem+.swift"; sourceTree = "<group>"; };
		B63D42BF248AB41800AC3633 /* TopHeadlinesListContracts.swift */ = {isa = PBXFileReference; lastKnownFileType = sourcecode.swift; path = TopHeadlinesListContracts.swift; sourceTree = "<group>"; };
		B63D42C1248AB42E00AC3633 /* TopHeadlinesListInteractor.swift */ = {isa = PBXFileReference; lastKnownFileType = sourcecode.swift; path = TopHeadlinesListInteractor.swift; sourceTree = "<group>"; };
		B63D42C3248AB43800AC3633 /* TopHeadlinesListPresenter.swift */ = {isa = PBXFileReference; lastKnownFileType = sourcecode.swift; path = TopHeadlinesListPresenter.swift; sourceTree = "<group>"; };
		B63D42C5248AB44000AC3633 /* TopHeadlinesListRouter.swift */ = {isa = PBXFileReference; lastKnownFileType = sourcecode.swift; path = TopHeadlinesListRouter.swift; sourceTree = "<group>"; };
		B63D42C7248AB45900AC3633 /* TopHeadlinesListViewController.swift */ = {isa = PBXFileReference; lastKnownFileType = sourcecode.swift; path = TopHeadlinesListViewController.swift; sourceTree = "<group>"; };
		B63D42C8248AB45900AC3633 /* TopHeadlinesListViewController.xib */ = {isa = PBXFileReference; lastKnownFileType = file.xib; path = TopHeadlinesListViewController.xib; sourceTree = "<group>"; };
		B63D42CC248AB65300AC3633 /* SourceCategoryCellItem.swift */ = {isa = PBXFileReference; lastKnownFileType = sourcecode.swift; path = SourceCategoryCellItem.swift; sourceTree = "<group>"; };
		B63D42CE248AB66700AC3633 /* SourceCellItem.swift */ = {isa = PBXFileReference; lastKnownFileType = sourcecode.swift; path = SourceCellItem.swift; sourceTree = "<group>"; };
		B63D42D0248AB6D800AC3633 /* ArticlesEntity.swift */ = {isa = PBXFileReference; lastKnownFileType = sourcecode.swift; path = ArticlesEntity.swift; sourceTree = "<group>"; };
		B63D42D2248AB70100AC3633 /* ArticleCellItem.swift */ = {isa = PBXFileReference; lastKnownFileType = sourcecode.swift; path = ArticleCellItem.swift; sourceTree = "<group>"; };
		B63D42D9248ACD8800AC3633 /* ArticleCell.swift */ = {isa = PBXFileReference; lastKnownFileType = sourcecode.swift; path = ArticleCell.swift; sourceTree = "<group>"; };
		B63D42DA248ACD8800AC3633 /* ArticleCell.xib */ = {isa = PBXFileReference; lastKnownFileType = file.xib; path = ArticleCell.xib; sourceTree = "<group>"; };
		B63D42DD248ACF6700AC3633 /* ArticleSliderCell.swift */ = {isa = PBXFileReference; lastKnownFileType = sourcecode.swift; path = ArticleSliderCell.swift; sourceTree = "<group>"; };
		B63D42DE248ACF6700AC3633 /* ArticleSliderCell.xib */ = {isa = PBXFileReference; lastKnownFileType = file.xib; path = ArticleSliderCell.xib; sourceTree = "<group>"; };
		B63D42E1248AD67300AC3633 /* Date+.swift */ = {isa = PBXFileReference; lastKnownFileType = sourcecode.swift; path = "Date+.swift"; sourceTree = "<group>"; };
		B67B6F17248AFC4900006F16 /* UserProperties.swift */ = {isa = PBXFileReference; lastKnownFileType = sourcecode.swift; path = UserProperties.swift; sourceTree = "<group>"; };
		B67B6F19248AFC9300006F16 /* BookmarkManager.swift */ = {isa = PBXFileReference; lastKnownFileType = sourcecode.swift; path = BookmarkManager.swift; sourceTree = "<group>"; };
		B67B6F1B248B034F00006F16 /* ResultStatus.swift */ = {isa = PBXFileReference; lastKnownFileType = sourcecode.swift; path = ResultStatus.swift; sourceTree = "<group>"; };
		B67B6F1E248B061700006F16 /* ResultStatusView.swift */ = {isa = PBXFileReference; lastKnownFileType = sourcecode.swift; path = ResultStatusView.swift; sourceTree = "<group>"; };
		B67B6F20248B062200006F16 /* ResultStatusView.xib */ = {isa = PBXFileReference; lastKnownFileType = file.xib; path = ResultStatusView.xib; sourceTree = "<group>"; };
		B6A6AB35248A5054001614FF /* SourceCategoryCell.swift */ = {isa = PBXFileReference; lastKnownFileType = sourcecode.swift; path = SourceCategoryCell.swift; sourceTree = "<group>"; };
		B6A6AB36248A5054001614FF /* SourceCategoryCell.xib */ = {isa = PBXFileReference; lastKnownFileType = file.xib; path = SourceCategoryCell.xib; sourceTree = "<group>"; };
		B6A6AB39248A506D001614FF /* SourceItemCell.swift */ = {isa = PBXFileReference; lastKnownFileType = sourcecode.swift; path = SourceItemCell.swift; sourceTree = "<group>"; };
		B6A6AB3A248A506D001614FF /* SourceItemCell.xib */ = {isa = PBXFileReference; lastKnownFileType = file.xib; path = SourceItemCell.xib; sourceTree = "<group>"; };
		B6A6AB3D248A50BD001614FF /* UICollectionView+Reusable.swift */ = {isa = PBXFileReference; lastKnownFileType = sourcecode.swift; path = "UICollectionView+Reusable.swift"; sourceTree = "<group>"; };
		B6A6AB3F248A50E0001614FF /* Reusable.swift */ = {isa = PBXFileReference; lastKnownFileType = sourcecode.swift; path = Reusable.swift; sourceTree = "<group>"; };
		B6A6AB41248A514D001614FF /* UITableView+Reusable.swift */ = {isa = PBXFileReference; lastKnownFileType = sourcecode.swift; path = "UITableView+Reusable.swift"; sourceTree = "<group>"; };
		B6A6AB43248A528B001614FF /* Itemable.swift */ = {isa = PBXFileReference; lastKnownFileType = sourcecode.swift; path = Itemable.swift; sourceTree = "<group>"; };
		B6A6AB45248A5F92001614FF /* Collection+.swift */ = {isa = PBXFileReference; lastKnownFileType = sourcecode.swift; path = "Collection+.swift"; sourceTree = "<group>"; };
		B6B0279024892328003516D1 /* ServiceDefinable.swift */ = {isa = PBXFileReference; lastKnownFileType = sourcecode.swift; path = ServiceDefinable.swift; sourceTree = "<group>"; };
		B6B0279224892391003516D1 /* RequestHeaders.swift */ = {isa = PBXFileReference; lastKnownFileType = sourcecode.swift; path = RequestHeaders.swift; sourceTree = "<group>"; };
		B6B027952489242A003516D1 /* AppConfig.swift */ = {isa = PBXFileReference; lastKnownFileType = sourcecode.swift; path = AppConfig.swift; sourceTree = "<group>"; };
		B6B027992489245F003516D1 /* Environment.swift */ = {isa = PBXFileReference; lastKnownFileType = sourcecode.swift; path = Environment.swift; sourceTree = "<group>"; };
		B6B0279B24892538003516D1 /* Config-Stage.plist */ = {isa = PBXFileReference; lastKnownFileType = text.plist.xml; path = "Config-Stage.plist"; sourceTree = "<group>"; };
		B6B0279D24892601003516D1 /* Config-Prod.plist */ = {isa = PBXFileReference; lastKnownFileType = text.plist.xml; path = "Config-Prod.plist"; sourceTree = "<group>"; };
		B6B027A0248926B1003516D1 /* Logger.swift */ = {isa = PBXFileReference; lastKnownFileType = sourcecode.swift; path = Logger.swift; sourceTree = "<group>"; };
		B6B027A224892A43003516D1 /* NewsService.swift */ = {isa = PBXFileReference; lastKnownFileType = sourcecode.swift; path = NewsService.swift; sourceTree = "<group>"; };
		B6B027A424892B48003516D1 /* SourcesRequestModel.swift */ = {isa = PBXFileReference; lastKnownFileType = sourcecode.swift; path = SourcesRequestModel.swift; sourceTree = "<group>"; };
		B6B027A624892FA5003516D1 /* TopHeadlinesRequestModel.swift */ = {isa = PBXFileReference; lastKnownFileType = sourcecode.swift; path = TopHeadlinesRequestModel.swift; sourceTree = "<group>"; };
		B6B027A824893013003516D1 /* PaginationRequestModel.swift */ = {isa = PBXFileReference; lastKnownFileType = sourcecode.swift; path = PaginationRequestModel.swift; sourceTree = "<group>"; };
		B6B027B124893630003516D1 /* Codable+.swift */ = {isa = PBXFileReference; lastKnownFileType = sourcecode.swift; path = "Codable+.swift"; sourceTree = "<group>"; };
		B6B027B324893D67003516D1 /* String+.swift */ = {isa = PBXFileReference; lastKnownFileType = sourcecode.swift; path = "String+.swift"; sourceTree = "<group>"; };
		B6B027B524893DA1003516D1 /* Bundle+.swift */ = {isa = PBXFileReference; lastKnownFileType = sourcecode.swift; path = "Bundle+.swift"; sourceTree = "<group>"; };
		B6B027B724893F50003516D1 /* NewsServiceTests.swift */ = {isa = PBXFileReference; lastKnownFileType = sourcecode.swift; path = NewsServiceTests.swift; sourceTree = "<group>"; };
		B6B027B924894133003516D1 /* top-headlines-200.json */ = {isa = PBXFileReference; fileEncoding = 4; lastKnownFileType = text.json; path = "top-headlines-200.json"; sourceTree = "<group>"; };
		B6B027BA24894133003516D1 /* sources-200.json */ = {isa = PBXFileReference; fileEncoding = 4; lastKnownFileType = text.json; path = "sources-200.json"; sourceTree = "<group>"; };
		B6B027BE2489423C003516D1 /* ServiceFactory.swift */ = {isa = PBXFileReference; lastKnownFileType = sourcecode.swift; path = ServiceFactory.swift; sourceTree = "<group>"; };
		B6B027C02489465E003516D1 /* ServiceRequest.swift */ = {isa = PBXFileReference; lastKnownFileType = sourcecode.swift; path = ServiceRequest.swift; sourceTree = "<group>"; };
		B6B027C624894AEE003516D1 /* ErrorResponseModel.swift */ = {isa = PBXFileReference; fileEncoding = 4; lastKnownFileType = sourcecode.swift; path = ErrorResponseModel.swift; sourceTree = "<group>"; };
		B6B027C82489764A003516D1 /* SourcesResponseModel.swift */ = {isa = PBXFileReference; lastKnownFileType = sourcecode.swift; path = SourcesResponseModel.swift; sourceTree = "<group>"; };
		B6B027CA24897663003516D1 /* BaseResponseModel.swift */ = {isa = PBXFileReference; lastKnownFileType = sourcecode.swift; path = BaseResponseModel.swift; sourceTree = "<group>"; };
		B6B027CC24897782003516D1 /* TopHeadlinesResponseModel.swift */ = {isa = PBXFileReference; lastKnownFileType = sourcecode.swift; path = TopHeadlinesResponseModel.swift; sourceTree = "<group>"; };
		B6B027CE248977A8003516D1 /* PaginationResponseModel.swift */ = {isa = PBXFileReference; lastKnownFileType = sourcecode.swift; path = PaginationResponseModel.swift; sourceTree = "<group>"; };
		B6D9FF64248911F30050A7D9 /* NewsShowcase.app */ = {isa = PBXFileReference; explicitFileType = wrapper.application; includeInIndex = 0; path = NewsShowcase.app; sourceTree = BUILT_PRODUCTS_DIR; };
		B6D9FF67248911F30050A7D9 /* AppDelegate.swift */ = {isa = PBXFileReference; lastKnownFileType = sourcecode.swift; path = AppDelegate.swift; sourceTree = "<group>"; };
		B6D9FF70248911F40050A7D9 /* Assets.xcassets */ = {isa = PBXFileReference; lastKnownFileType = folder.assetcatalog; path = Assets.xcassets; sourceTree = "<group>"; };
		B6D9FF73248911F40050A7D9 /* Base */ = {isa = PBXFileReference; lastKnownFileType = file.storyboard; name = Base; path = Base.lproj/LaunchScreen.storyboard; sourceTree = "<group>"; };
		B6D9FF75248911F40050A7D9 /* Info.plist */ = {isa = PBXFileReference; lastKnownFileType = text.plist.xml; path = Info.plist; sourceTree = "<group>"; };
		B6D9FF7A248911F40050A7D9 /* NewsShowcaseTests.xctest */ = {isa = PBXFileReference; explicitFileType = wrapper.cfbundle; includeInIndex = 0; path = NewsShowcaseTests.xctest; sourceTree = BUILT_PRODUCTS_DIR; };
		B6D9FF80248911F40050A7D9 /* Info.plist */ = {isa = PBXFileReference; lastKnownFileType = text.plist.xml; path = Info.plist; sourceTree = "<group>"; };
		B6D9FF85248911F40050A7D9 /* NewsShowcaseUITests.xctest */ = {isa = PBXFileReference; explicitFileType = wrapper.cfbundle; includeInIndex = 0; path = NewsShowcaseUITests.xctest; sourceTree = BUILT_PRODUCTS_DIR; };
		B6D9FF89248911F40050A7D9 /* NewsShowcaseUITests.swift */ = {isa = PBXFileReference; lastKnownFileType = sourcecode.swift; path = NewsShowcaseUITests.swift; sourceTree = "<group>"; };
		B6D9FF8B248911F40050A7D9 /* Info.plist */ = {isa = PBXFileReference; lastKnownFileType = text.plist.xml; path = Info.plist; sourceTree = "<group>"; };
		EA9D63A127C9E3340601E926 /* Pods-NewsShowcase-NewsShowcaseUITests.debug.xcconfig */ = {isa = PBXFileReference; includeInIndex = 1; lastKnownFileType = text.xcconfig; name = "Pods-NewsShowcase-NewsShowcaseUITests.debug.xcconfig"; path = "Target Support Files/Pods-NewsShowcase-NewsShowcaseUITests/Pods-NewsShowcase-NewsShowcaseUITests.debug.xcconfig"; sourceTree = "<group>"; };
		F12BCB27663AFACEC451B39A /* Pods-NewsShowcase.release.xcconfig */ = {isa = PBXFileReference; includeInIndex = 1; lastKnownFileType = text.xcconfig; name = "Pods-NewsShowcase.release.xcconfig"; path = "Target Support Files/Pods-NewsShowcase/Pods-NewsShowcase.release.xcconfig"; sourceTree = "<group>"; };
/* End PBXFileReference section */

/* Begin PBXFrameworksBuildPhase section */
		B6D9FF61248911F30050A7D9 /* Frameworks */ = {
			isa = PBXFrameworksBuildPhase;
			buildActionMask = 2147483647;
			files = (
				46B2389A5E4BEE6CA150D3A4 /* Pods_NewsShowcase.framework in Frameworks */,
			);
			runOnlyForDeploymentPostprocessing = 0;
		};
		B6D9FF77248911F40050A7D9 /* Frameworks */ = {
			isa = PBXFrameworksBuildPhase;
			buildActionMask = 2147483647;
			files = (
				188208E49182D75DF34CED00 /* Pods_NewsShowcaseTests.framework in Frameworks */,
			);
			runOnlyForDeploymentPostprocessing = 0;
		};
		B6D9FF82248911F40050A7D9 /* Frameworks */ = {
			isa = PBXFrameworksBuildPhase;
			buildActionMask = 2147483647;
			files = (
				F989452D66FF42073993E5E4 /* Pods_NewsShowcase_NewsShowcaseUITests.framework in Frameworks */,
			);
			runOnlyForDeploymentPostprocessing = 0;
		};
/* End PBXFrameworksBuildPhase section */

/* Begin PBXGroup section */
		206CBDB50EA72B0109FFEE6D /* Frameworks */ = {
			isa = PBXGroup;
			children = (
				29AE22161709AACDA9912694 /* Pods_NewsShowcase.framework */,
				3BABEDDBD8A6B8481E66EA3C /* Pods_NewsShowcase_NewsShowcaseUITests.framework */,
				7E3A61FA7407EDCCB5837A3B /* Pods_NewsShowcaseTests.framework */,
			);
			name = Frameworks;
			sourceTree = "<group>";
		};
		B61F0E6D248A36EE00C9C69F /* Modules */ = {
			isa = PBXGroup;
			children = (
				B61F0E80248A3E4E00C9C69F /* Bases */,
				B61F0E71248A379500C9C69F /* SourcesList */,
				B63D42BE248AB3F300AC3633 /* TopHeadlinesList */,
			);
			path = Modules;
			sourceTree = "<group>";
		};
		B61F0E71248A379500C9C69F /* SourcesList */ = {
			isa = PBXGroup;
			children = (
				B6A6AB33248A5032001614FF /* Views */,
				B61F0E89248A43FE00C9C69F /* Entities */,
				B61F0E7C248A39BD00C9C69F /* SourcesListContracts.swift */,
				B61F0E78248A38BA00C9C69F /* SourcesListInteractor.swift */,
				B61F0E76248A38AE00C9C69F /* SourcesListPresenter.swift */,
				B61F0E7A248A38C500C9C69F /* SourcesListRouter.swift */,
				B61F0E72248A387F00C9C69F /* SourcesListViewController.swift */,
				B61F0E73248A387F00C9C69F /* SourcesListViewController.xib */,
			);
			path = SourcesList;
			sourceTree = "<group>";
		};
		B61F0E80248A3E4E00C9C69F /* Bases */ = {
			isa = PBXGroup;
			children = (
				B61F0E83248A3E8500C9C69F /* BaseInteractor.swift */,
				B61F0E85248A3F4800C9C69F /* BasePresenterProtocol.swift */,
				B61F0E87248A3F7000C9C69F /* BaseRouterProtocol.swift */,
				B61F0E81248A3E5D00C9C69F /* BaseViewController.swift */,
			);
			path = Bases;
			sourceTree = "<group>";
		};
		B61F0E89248A43FE00C9C69F /* Entities */ = {
			isa = PBXGroup;
			children = (
				B61F0E8A248A442400C9C69F /* SourcesEntity.swift */,
				B63D42CC248AB65300AC3633 /* SourceCategoryCellItem.swift */,
				B63D42CE248AB66700AC3633 /* SourceCellItem.swift */,
			);
			path = Entities;
			sourceTree = "<group>";
		};
		B63D42BE248AB3F300AC3633 /* TopHeadlinesList */ = {
			isa = PBXGroup;
			children = (
				B63D42E3248AF53400AC3633 /* Views */,
				B63D42CB248AB63C00AC3633 /* Entities */,
				B63D42BF248AB41800AC3633 /* TopHeadlinesListContracts.swift */,
				B63D42C1248AB42E00AC3633 /* TopHeadlinesListInteractor.swift */,
				B63D42C3248AB43800AC3633 /* TopHeadlinesListPresenter.swift */,
				B63D42C5248AB44000AC3633 /* TopHeadlinesListRouter.swift */,
				B63D42C7248AB45900AC3633 /* TopHeadlinesListViewController.swift */,
				B63D42C8248AB45900AC3633 /* TopHeadlinesListViewController.xib */,
			);
			path = TopHeadlinesList;
			sourceTree = "<group>";
		};
		B63D42CB248AB63C00AC3633 /* Entities */ = {
			isa = PBXGroup;
			children = (
				B63D42D0248AB6D800AC3633 /* ArticlesEntity.swift */,
				B63D42D2248AB70100AC3633 /* ArticleCellItem.swift */,
			);
			path = Entities;
			sourceTree = "<group>";
		};
		B63D42D4248AB80300AC3633 /* Cells */ = {
			isa = PBXGroup;
			children = (
				B63D42D9248ACD8800AC3633 /* ArticleCell.swift */,
				B63D42DA248ACD8800AC3633 /* ArticleCell.xib */,
				B63D42DD248ACF6700AC3633 /* ArticleSliderCell.swift */,
				B63D42DE248ACF6700AC3633 /* ArticleSliderCell.xib */,
			);
			path = Cells;
			sourceTree = "<group>";
		};
		B63D42E3248AF53400AC3633 /* Views */ = {
			isa = PBXGroup;
			children = (
				B63D42D4248AB80300AC3633 /* Cells */,
			);
			path = Views;
			sourceTree = "<group>";
		};
		B67B6F1D248B05F400006F16 /* ViewComponents */ = {
			isa = PBXGroup;
			children = (
				B67B6F22248B062900006F16 /* ResultStatusView */,
			);
			path = ViewComponents;
			sourceTree = "<group>";
		};
		B67B6F22248B062900006F16 /* ResultStatusView */ = {
			isa = PBXGroup;
			children = (
				B67B6F1B248B034F00006F16 /* ResultStatus.swift */,
				B67B6F1E248B061700006F16 /* ResultStatusView.swift */,
				B67B6F20248B062200006F16 /* ResultStatusView.xib */,
			);
			path = ResultStatusView;
			sourceTree = "<group>";
		};
		B6A6AB33248A5032001614FF /* Views */ = {
			isa = PBXGroup;
			children = (
				B6A6AB34248A503A001614FF /* Cells */,
			);
			path = Views;
			sourceTree = "<group>";
		};
		B6A6AB34248A503A001614FF /* Cells */ = {
			isa = PBXGroup;
			children = (
				B6A6AB35248A5054001614FF /* SourceCategoryCell.swift */,
				B6A6AB36248A5054001614FF /* SourceCategoryCell.xib */,
				B6A6AB39248A506D001614FF /* SourceItemCell.swift */,
				B6A6AB3A248A506D001614FF /* SourceItemCell.xib */,
			);
			path = Cells;
			sourceTree = "<group>";
		};
		B6B0278A24891E60003516D1 /* Networking */ = {
			isa = PBXGroup;
			children = (
				B6B0278F2489230A003516D1 /* Commons */,
				B6B0278D24892255003516D1 /* Mocks */,
				B6B0278C2489224F003516D1 /* Models */,
				B6B0278B24892246003516D1 /* Services */,
			);
			path = Networking;
			sourceTree = "<group>";
		};
		B6B0278B24892246003516D1 /* Services */ = {
			isa = PBXGroup;
			children = (
				B6B027A224892A43003516D1 /* NewsService.swift */,
			);
			path = Services;
			sourceTree = "<group>";
		};
		B6B0278C2489224F003516D1 /* Models */ = {
			isa = PBXGroup;
			children = (
				B6B027BD2489415E003516D1 /* ResponseModels */,
				B6B0278E24892279003516D1 /* RequestModels */,
			);
			path = Models;
			sourceTree = "<group>";
		};
		B6B0278D24892255003516D1 /* Mocks */ = {
			isa = PBXGroup;
			children = (
				B61F0E6B248A2D9200C9C69F /* api-401.json */,
				B6B027BA24894133003516D1 /* sources-200.json */,
				B6B027B924894133003516D1 /* top-headlines-200.json */,
			);
			path = Mocks;
			sourceTree = "<group>";
		};
		B6B0278E24892279003516D1 /* RequestModels */ = {
			isa = PBXGroup;
			children = (
				B6B027A824893013003516D1 /* PaginationRequestModel.swift */,
				B6B027A424892B48003516D1 /* SourcesRequestModel.swift */,
				B6B027A624892FA5003516D1 /* TopHeadlinesRequestModel.swift */,
			);
			path = RequestModels;
			sourceTree = "<group>";
		};
		B6B0278F2489230A003516D1 /* Commons */ = {
			isa = PBXGroup;
			children = (
				B6B0279224892391003516D1 /* RequestHeaders.swift */,
				B6B0279024892328003516D1 /* ServiceDefinable.swift */,
				B6B027BE2489423C003516D1 /* ServiceFactory.swift */,
				B6B027C02489465E003516D1 /* ServiceRequest.swift */,
			);
			path = Commons;
			sourceTree = "<group>";
		};
		B6B0279424892416003516D1 /* Configs */ = {
			isa = PBXGroup;
			children = (
				B6B027952489242A003516D1 /* AppConfig.swift */,
				B6B027992489245F003516D1 /* Environment.swift */,
				B6B0279B24892538003516D1 /* Config-Stage.plist */,
				B6B0279D24892601003516D1 /* Config-Prod.plist */,
			);
			path = Configs;
			sourceTree = "<group>";
		};
		B6B0279F248926A8003516D1 /* Utils */ = {
			isa = PBXGroup;
			children = (
				B6B027A0248926B1003516D1 /* Logger.swift */,
				B67B6F17248AFC4900006F16 /* UserProperties.swift */,
				B67B6F19248AFC9300006F16 /* BookmarkManager.swift */,
			);
			path = Utils;
			sourceTree = "<group>";
		};
		B6B027B024893627003516D1 /* Extensions */ = {
			isa = PBXGroup;
			children = (
				B6B027B524893DA1003516D1 /* Bundle+.swift */,
				B6B027B124893630003516D1 /* Codable+.swift */,
				B6A6AB43248A528B001614FF /* Itemable.swift */,
				B6A6AB3F248A50E0001614FF /* Reusable.swift */,
				B6B027B324893D67003516D1 /* String+.swift */,
				B6A6AB3D248A50BD001614FF /* UICollectionView+Reusable.swift */,
				B6A6AB41248A514D001614FF /* UITableView+Reusable.swift */,
				B6A6AB45248A5F92001614FF /* Collection+.swift */,
				B63D42BC248AA7EE00AC3633 /* UIBarButtonItem+.swift */,
				B63D42E1248AD67300AC3633 /* Date+.swift */,
			);
			path = Extensions;
			sourceTree = "<group>";
		};
		B6B027BD2489415E003516D1 /* ResponseModels */ = {
			isa = PBXGroup;
			children = (
				B6B027CA24897663003516D1 /* BaseResponseModel.swift */,
				B6B027C624894AEE003516D1 /* ErrorResponseModel.swift */,
				B6B027CE248977A8003516D1 /* PaginationResponseModel.swift */,
				B6B027C82489764A003516D1 /* SourcesResponseModel.swift */,
				B6B027CC24897782003516D1 /* TopHeadlinesResponseModel.swift */,
			);
			path = ResponseModels;
			sourceTree = "<group>";
		};
		B6D9FF5B248911F30050A7D9 = {
			isa = PBXGroup;
			children = (
				B6D9FF66248911F30050A7D9 /* NewsShowcase */,
				B6D9FF7D248911F40050A7D9 /* NewsShowcaseTests */,
				B6D9FF88248911F40050A7D9 /* NewsShowcaseUITests */,
				B6D9FF65248911F30050A7D9 /* Products */,
				E97B04D46D5CF0C7B2B3683A /* Pods */,
				206CBDB50EA72B0109FFEE6D /* Frameworks */,
			);
			sourceTree = "<group>";
		};
		B6D9FF65248911F30050A7D9 /* Products */ = {
			isa = PBXGroup;
			children = (
				B6D9FF64248911F30050A7D9 /* NewsShowcase.app */,
				B6D9FF7A248911F40050A7D9 /* NewsShowcaseTests.xctest */,
				B6D9FF85248911F40050A7D9 /* NewsShowcaseUITests.xctest */,
			);
			name = Products;
			sourceTree = "<group>";
		};
		B6D9FF66248911F30050A7D9 /* NewsShowcase */ = {
			isa = PBXGroup;
			children = (
				B6D9FF972489135B0050A7D9 /* App */,
				B6D9FF98248913CD0050A7D9 /* Resources */,
			);
			path = NewsShowcase;
			sourceTree = "<group>";
		};
		B6D9FF7D248911F40050A7D9 /* NewsShowcaseTests */ = {
			isa = PBXGroup;
			children = (
				B6D9FF80248911F40050A7D9 /* Info.plist */,
				B6B027B724893F50003516D1 /* NewsServiceTests.swift */,
			);
			path = NewsShowcaseTests;
			sourceTree = "<group>";
		};
		B6D9FF88248911F40050A7D9 /* NewsShowcaseUITests */ = {
			isa = PBXGroup;
			children = (
				B6D9FF89248911F40050A7D9 /* NewsShowcaseUITests.swift */,
				B6D9FF8B248911F40050A7D9 /* Info.plist */,
			);
			path = NewsShowcaseUITests;
			sourceTree = "<group>";
		};
		B6D9FF972489135B0050A7D9 /* App */ = {
			isa = PBXGroup;
			children = (
				B67B6F1D248B05F400006F16 /* ViewComponents */,
				B61F0E6D248A36EE00C9C69F /* Modules */,
				B6B027B024893627003516D1 /* Extensions */,
				B6B0279F248926A8003516D1 /* Utils */,
				B6B0279424892416003516D1 /* Configs */,
				B6B0278A24891E60003516D1 /* Networking */,
				B6D9FF67248911F30050A7D9 /* AppDelegate.swift */,
			);
			path = App;
			sourceTree = "<group>";
		};
		B6D9FF98248913CD0050A7D9 /* Resources */ = {
			isa = PBXGroup;
			children = (
				B6D9FF70248911F40050A7D9 /* Assets.xcassets */,
				B6D9FF72248911F40050A7D9 /* LaunchScreen.storyboard */,
				B6D9FF75248911F40050A7D9 /* Info.plist */,
			);
			path = Resources;
			sourceTree = "<group>";
		};
		E97B04D46D5CF0C7B2B3683A /* Pods */ = {
			isa = PBXGroup;
			children = (
				105EABE21C2188E8E6B1B3EE /* Pods-NewsShowcase.debug.xcconfig */,
				F12BCB27663AFACEC451B39A /* Pods-NewsShowcase.release.xcconfig */,
				EA9D63A127C9E3340601E926 /* Pods-NewsShowcase-NewsShowcaseUITests.debug.xcconfig */,
				4DD2BFC27904BF45E76CDEBF /* Pods-NewsShowcase-NewsShowcaseUITests.release.xcconfig */,
				63595AD401CE035B22E1C3F7 /* Pods-NewsShowcaseTests.debug.xcconfig */,
				8BE447FACD5C53981BF1C766 /* Pods-NewsShowcaseTests.release.xcconfig */,
			);
			path = Pods;
			sourceTree = "<group>";
		};
/* End PBXGroup section */

/* Begin PBXNativeTarget section */
		B6D9FF63248911F30050A7D9 /* NewsShowcase */ = {
			isa = PBXNativeTarget;
			buildConfigurationList = B6D9FF8E248911F40050A7D9 /* Build configuration list for PBXNativeTarget "NewsShowcase" */;
			buildPhases = (
				9BAB896E0B3733CEF6C363EF /* [CP] Check Pods Manifest.lock */,
				B6D9FF60248911F30050A7D9 /* Sources */,
				B6D9FF61248911F30050A7D9 /* Frameworks */,
				B6D9FF62248911F30050A7D9 /* Resources */,
				D7A8CE32F2979C6381C02465 /* [CP] Embed Pods Frameworks */,
				B6B0278924891B1B003516D1 /* ShellScript */,
			);
			buildRules = (
			);
			dependencies = (
			);
			name = NewsShowcase;
			productName = NewsShowcase;
			productReference = B6D9FF64248911F30050A7D9 /* NewsShowcase.app */;
			productType = "com.apple.product-type.application";
		};
		B6D9FF79248911F40050A7D9 /* NewsShowcaseTests */ = {
			isa = PBXNativeTarget;
			buildConfigurationList = B6D9FF91248911F40050A7D9 /* Build configuration list for PBXNativeTarget "NewsShowcaseTests" */;
			buildPhases = (
				A26F4BD2D21468282BEF684A /* [CP] Check Pods Manifest.lock */,
				B6D9FF76248911F40050A7D9 /* Sources */,
				B6D9FF77248911F40050A7D9 /* Frameworks */,
				B6D9FF78248911F40050A7D9 /* Resources */,
			);
			buildRules = (
			);
			dependencies = (
				B6D9FF7C248911F40050A7D9 /* PBXTargetDependency */,
			);
			name = NewsShowcaseTests;
			productName = NewsShowcaseTests;
			productReference = B6D9FF7A248911F40050A7D9 /* NewsShowcaseTests.xctest */;
			productType = "com.apple.product-type.bundle.unit-test";
		};
		B6D9FF84248911F40050A7D9 /* NewsShowcaseUITests */ = {
			isa = PBXNativeTarget;
			buildConfigurationList = B6D9FF94248911F40050A7D9 /* Build configuration list for PBXNativeTarget "NewsShowcaseUITests" */;
			buildPhases = (
				1D1D1D82DCCFFC0EDD6E6556 /* [CP] Check Pods Manifest.lock */,
				B6D9FF81248911F40050A7D9 /* Sources */,
				B6D9FF82248911F40050A7D9 /* Frameworks */,
				B6D9FF83248911F40050A7D9 /* Resources */,
				19A8510A98DDEF2F04469450 /* [CP] Embed Pods Frameworks */,
			);
			buildRules = (
			);
			dependencies = (
				B6D9FF87248911F40050A7D9 /* PBXTargetDependency */,
			);
			name = NewsShowcaseUITests;
			productName = NewsShowcaseUITests;
			productReference = B6D9FF85248911F40050A7D9 /* NewsShowcaseUITests.xctest */;
			productType = "com.apple.product-type.bundle.ui-testing";
		};
/* End PBXNativeTarget section */

/* Begin PBXProject section */
		B6D9FF5C248911F30050A7D9 /* Project object */ = {
			isa = PBXProject;
			attributes = {
				LastSwiftUpdateCheck = 1150;
				LastUpgradeCheck = 1150;
				ORGANIZATIONNAME = "Yunus Alkan";
				TargetAttributes = {
					B6D9FF63248911F30050A7D9 = {
						CreatedOnToolsVersion = 11.5;
					};
					B6D9FF79248911F40050A7D9 = {
						CreatedOnToolsVersion = 11.5;
						TestTargetID = B6D9FF63248911F30050A7D9;
					};
					B6D9FF84248911F40050A7D9 = {
						CreatedOnToolsVersion = 11.5;
						TestTargetID = B6D9FF63248911F30050A7D9;
					};
				};
			};
			buildConfigurationList = B6D9FF5F248911F30050A7D9 /* Build configuration list for PBXProject "NewsShowcase" */;
			compatibilityVersion = "Xcode 9.3";
			developmentRegion = en;
			hasScannedForEncodings = 0;
			knownRegions = (
				en,
				Base,
			);
			mainGroup = B6D9FF5B248911F30050A7D9;
			productRefGroup = B6D9FF65248911F30050A7D9 /* Products */;
			projectDirPath = "";
			projectRoot = "";
			targets = (
				B6D9FF63248911F30050A7D9 /* NewsShowcase */,
				B6D9FF79248911F40050A7D9 /* NewsShowcaseTests */,
				B6D9FF84248911F40050A7D9 /* NewsShowcaseUITests */,
			);
		};
/* End PBXProject section */

/* Begin PBXResourcesBuildPhase section */
		B6D9FF62248911F30050A7D9 /* Resources */ = {
			isa = PBXResourcesBuildPhase;
			buildActionMask = 2147483647;
			files = (
				B61F0E6C248A2D9200C9C69F /* api-401.json in Resources */,
				B6A6AB3C248A506D001614FF /* SourceItemCell.xib in Resources */,
				B6B027BB24894133003516D1 /* top-headlines-200.json in Resources */,
				B6A6AB38248A5054001614FF /* SourceCategoryCell.xib in Resources */,
				B63D42DC248ACD8800AC3633 /* ArticleCell.xib in Resources */,
				B67B6F21248B062200006F16 /* ResultStatusView.xib in Resources */,
				B6B0279E24892601003516D1 /* Config-Prod.plist in Resources */,
				B6D9FF74248911F40050A7D9 /* LaunchScreen.storyboard in Resources */,
				B63D42E0248ACF6700AC3633 /* ArticleSliderCell.xib in Resources */,
				B6D9FF71248911F40050A7D9 /* Assets.xcassets in Resources */,
				B61F0E75248A387F00C9C69F /* SourcesListViewController.xib in Resources */,
				B6B027BC24894133003516D1 /* sources-200.json in Resources */,
				B63D42CA248AB45900AC3633 /* TopHeadlinesListViewController.xib in Resources */,
				B6B0279C24892538003516D1 /* Config-Stage.plist in Resources */,
			);
			runOnlyForDeploymentPostprocessing = 0;
		};
		B6D9FF78248911F40050A7D9 /* Resources */ = {
			isa = PBXResourcesBuildPhase;
			buildActionMask = 2147483647;
			files = (
			);
			runOnlyForDeploymentPostprocessing = 0;
		};
		B6D9FF83248911F40050A7D9 /* Resources */ = {
			isa = PBXResourcesBuildPhase;
			buildActionMask = 2147483647;
			files = (
			);
			runOnlyForDeploymentPostprocessing = 0;
		};
/* End PBXResourcesBuildPhase section */

/* Begin PBXShellScriptBuildPhase section */
		19A8510A98DDEF2F04469450 /* [CP] Embed Pods Frameworks */ = {
			isa = PBXShellScriptBuildPhase;
			buildActionMask = 2147483647;
			files = (
			);
			inputFileListPaths = (
				"${PODS_ROOT}/Target Support Files/Pods-NewsShowcase-NewsShowcaseUITests/Pods-NewsShowcase-NewsShowcaseUITests-frameworks-${CONFIGURATION}-input-files.xcfilelist",
			);
			name = "[CP] Embed Pods Frameworks";
			outputFileListPaths = (
				"${PODS_ROOT}/Target Support Files/Pods-NewsShowcase-NewsShowcaseUITests/Pods-NewsShowcase-NewsShowcaseUITests-frameworks-${CONFIGURATION}-output-files.xcfilelist",
			);
			runOnlyForDeploymentPostprocessing = 0;
			shellPath = /bin/sh;
			shellScript = "\"${PODS_ROOT}/Target Support Files/Pods-NewsShowcase-NewsShowcaseUITests/Pods-NewsShowcase-NewsShowcaseUITests-frameworks.sh\"\n";
			showEnvVarsInLog = 0;
		};
		1D1D1D82DCCFFC0EDD6E6556 /* [CP] Check Pods Manifest.lock */ = {
			isa = PBXShellScriptBuildPhase;
			buildActionMask = 2147483647;
			files = (
			);
			inputFileListPaths = (
			);
			inputPaths = (
				"${PODS_PODFILE_DIR_PATH}/Podfile.lock",
				"${PODS_ROOT}/Manifest.lock",
			);
			name = "[CP] Check Pods Manifest.lock";
			outputFileListPaths = (
			);
			outputPaths = (
				"$(DERIVED_FILE_DIR)/Pods-NewsShowcase-NewsShowcaseUITests-checkManifestLockResult.txt",
			);
			runOnlyForDeploymentPostprocessing = 0;
			shellPath = /bin/sh;
			shellScript = "diff \"${PODS_PODFILE_DIR_PATH}/Podfile.lock\" \"${PODS_ROOT}/Manifest.lock\" > /dev/null\nif [ $? != 0 ] ; then\n    # print error to STDERR\n    echo \"error: The sandbox is not in sync with the Podfile.lock. Run 'pod install' or update your CocoaPods installation.\" >&2\n    exit 1\nfi\n# This output is used by Xcode 'outputs' to avoid re-running this script phase.\necho \"SUCCESS\" > \"${SCRIPT_OUTPUT_FILE_0}\"\n";
			showEnvVarsInLog = 0;
		};
		9BAB896E0B3733CEF6C363EF /* [CP] Check Pods Manifest.lock */ = {
			isa = PBXShellScriptBuildPhase;
			buildActionMask = 2147483647;
			files = (
			);
			inputFileListPaths = (
			);
			inputPaths = (
				"${PODS_PODFILE_DIR_PATH}/Podfile.lock",
				"${PODS_ROOT}/Manifest.lock",
			);
			name = "[CP] Check Pods Manifest.lock";
			outputFileListPaths = (
			);
			outputPaths = (
				"$(DERIVED_FILE_DIR)/Pods-NewsShowcase-checkManifestLockResult.txt",
			);
			runOnlyForDeploymentPostprocessing = 0;
			shellPath = /bin/sh;
			shellScript = "diff \"${PODS_PODFILE_DIR_PATH}/Podfile.lock\" \"${PODS_ROOT}/Manifest.lock\" > /dev/null\nif [ $? != 0 ] ; then\n    # print error to STDERR\n    echo \"error: The sandbox is not in sync with the Podfile.lock. Run 'pod install' or update your CocoaPods installation.\" >&2\n    exit 1\nfi\n# This output is used by Xcode 'outputs' to avoid re-running this script phase.\necho \"SUCCESS\" > \"${SCRIPT_OUTPUT_FILE_0}\"\n";
			showEnvVarsInLog = 0;
		};
		A26F4BD2D21468282BEF684A /* [CP] Check Pods Manifest.lock */ = {
			isa = PBXShellScriptBuildPhase;
			buildActionMask = 2147483647;
			files = (
			);
			inputFileListPaths = (
			);
			inputPaths = (
				"${PODS_PODFILE_DIR_PATH}/Podfile.lock",
				"${PODS_ROOT}/Manifest.lock",
			);
			name = "[CP] Check Pods Manifest.lock";
			outputFileListPaths = (
			);
			outputPaths = (
				"$(DERIVED_FILE_DIR)/Pods-NewsShowcaseTests-checkManifestLockResult.txt",
			);
			runOnlyForDeploymentPostprocessing = 0;
			shellPath = /bin/sh;
			shellScript = "diff \"${PODS_PODFILE_DIR_PATH}/Podfile.lock\" \"${PODS_ROOT}/Manifest.lock\" > /dev/null\nif [ $? != 0 ] ; then\n    # print error to STDERR\n    echo \"error: The sandbox is not in sync with the Podfile.lock. Run 'pod install' or update your CocoaPods installation.\" >&2\n    exit 1\nfi\n# This output is used by Xcode 'outputs' to avoid re-running this script phase.\necho \"SUCCESS\" > \"${SCRIPT_OUTPUT_FILE_0}\"\n";
			showEnvVarsInLog = 0;
		};
		B6B0278924891B1B003516D1 /* ShellScript */ = {
			isa = PBXShellScriptBuildPhase;
			buildActionMask = 2147483647;
			files = (
			);
			inputFileListPaths = (
			);
			inputPaths = (
			);
			outputFileListPaths = (
			);
			outputPaths = (
			);
			runOnlyForDeploymentPostprocessing = 0;
			shellPath = /bin/sh;
			shellScript = "if which swiftlint >/dev/null; then\n  swiftlint\nelse\n  echo \"warning: SwiftLint not installed, download from https://github.com/realm/SwiftLint\"\nfi\n";
		};
		D7A8CE32F2979C6381C02465 /* [CP] Embed Pods Frameworks */ = {
			isa = PBXShellScriptBuildPhase;
			buildActionMask = 2147483647;
			files = (
			);
			inputFileListPaths = (
				"${PODS_ROOT}/Target Support Files/Pods-NewsShowcase/Pods-NewsShowcase-frameworks-${CONFIGURATION}-input-files.xcfilelist",
			);
			name = "[CP] Embed Pods Frameworks";
			outputFileListPaths = (
				"${PODS_ROOT}/Target Support Files/Pods-NewsShowcase/Pods-NewsShowcase-frameworks-${CONFIGURATION}-output-files.xcfilelist",
			);
			runOnlyForDeploymentPostprocessing = 0;
			shellPath = /bin/sh;
			shellScript = "\"${PODS_ROOT}/Target Support Files/Pods-NewsShowcase/Pods-NewsShowcase-frameworks.sh\"\n";
			showEnvVarsInLog = 0;
		};
/* End PBXShellScriptBuildPhase section */

/* Begin PBXSourcesBuildPhase section */
		B6D9FF60248911F30050A7D9 /* Sources */ = {
			isa = PBXSourcesBuildPhase;
			buildActionMask = 2147483647;
			files = (
				B6B027C12489465E003516D1 /* ServiceRequest.swift in Sources */,
				B6A6AB3E248A50BD001614FF /* UICollectionView+Reusable.swift in Sources */,
				B6B0279324892392003516D1 /* RequestHeaders.swift in Sources */,
				B6A6AB37248A5054001614FF /* SourceCategoryCell.swift in Sources */,
				B6A6AB42248A514D001614FF /* UITableView+Reusable.swift in Sources */,
				B6B027962489242A003516D1 /* AppConfig.swift in Sources */,
				B61F0E7B248A38C500C9C69F /* SourcesListRouter.swift in Sources */,
				B63D42E2248AD67300AC3633 /* Date+.swift in Sources */,
				B63D42CF248AB66700AC3633 /* SourceCellItem.swift in Sources */,
				B63D42C4248AB43800AC3633 /* TopHeadlinesListPresenter.swift in Sources */,
				B6A6AB46248A5F92001614FF /* Collection+.swift in Sources */,
				B67B6F18248AFC4900006F16 /* UserProperties.swift in Sources */,
				B6B027CB24897663003516D1 /* BaseResponseModel.swift in Sources */,
				B67B6F1F248B061700006F16 /* ResultStatusView.swift in Sources */,
				B61F0E8B248A442400C9C69F /* SourcesEntity.swift in Sources */,
				B67B6F1C248B034F00006F16 /* ResultStatus.swift in Sources */,
				B61F0E82248A3E5D00C9C69F /* BaseViewController.swift in Sources */,
				B6B027C92489764A003516D1 /* SourcesResponseModel.swift in Sources */,
				B63D42D3248AB70100AC3633 /* ArticleCellItem.swift in Sources */,
				B6B027C724894AEE003516D1 /* ErrorResponseModel.swift in Sources */,
				B63D42C6248AB44000AC3633 /* TopHeadlinesListRouter.swift in Sources */,
				B61F0E84248A3E8500C9C69F /* BaseInteractor.swift in Sources */,
				B63D42D1248AB6D800AC3633 /* ArticlesEntity.swift in Sources */,
				B6B027B224893630003516D1 /* Codable+.swift in Sources */,
				B6B027A324892A43003516D1 /* NewsService.swift in Sources */,
				B6B027A924893013003516D1 /* PaginationRequestModel.swift in Sources */,
				B61F0E88248A3F7000C9C69F /* BaseRouterProtocol.swift in Sources */,
				B61F0E79248A38BA00C9C69F /* SourcesListInteractor.swift in Sources */,
				B61F0E74248A387F00C9C69F /* SourcesListViewController.swift in Sources */,
				B61F0E7D248A39BD00C9C69F /* SourcesListContracts.swift in Sources */,
				B6B027A724892FA5003516D1 /* TopHeadlinesRequestModel.swift in Sources */,
				B6B027A524892B48003516D1 /* SourcesRequestModel.swift in Sources */,
				B6B0279A2489245F003516D1 /* Environment.swift in Sources */,
				B63D42BD248AA7EE00AC3633 /* UIBarButtonItem+.swift in Sources */,
				B61F0E77248A38AE00C9C69F /* SourcesListPresenter.swift in Sources */,
				B6B027BF2489423C003516D1 /* ServiceFactory.swift in Sources */,
				B63D42DF248ACF6700AC3633 /* ArticleSliderCell.swift in Sources */,
				B63D42DB248ACD8800AC3633 /* ArticleCell.swift in Sources */,
				B6B027CF248977A8003516D1 /* PaginationResponseModel.swift in Sources */,
				B67B6F1A248AFC9300006F16 /* BookmarkManager.swift in Sources */,
				B63D42C2248AB42E00AC3633 /* TopHeadlinesListInteractor.swift in Sources */,
				B6B027B624893DA1003516D1 /* Bundle+.swift in Sources */,
				B6A6AB3B248A506D001614FF /* SourceItemCell.swift in Sources */,
				B63D42C0248AB41800AC3633 /* TopHeadlinesListContracts.swift in Sources */,
				B6B027A1248926B1003516D1 /* Logger.swift in Sources */,
				B61F0E86248A3F4800C9C69F /* BasePresenterProtocol.swift in Sources */,
				B6B0279124892328003516D1 /* ServiceDefinable.swift in Sources */,
				B63D42C9248AB45900AC3633 /* TopHeadlinesListViewController.swift in Sources */,
				B6A6AB44248A528B001614FF /* Itemable.swift in Sources */,
				B6B027B424893D67003516D1 /* String+.swift in Sources */,
				B6B027CD24897782003516D1 /* TopHeadlinesResponseModel.swift in Sources */,
				B63D42CD248AB65300AC3633 /* SourceCategoryCellItem.swift in Sources */,
				B6D9FF68248911F30050A7D9 /* AppDelegate.swift in Sources */,
				B6A6AB40248A50E0001614FF /* Reusable.swift in Sources */,
			);
			runOnlyForDeploymentPostprocessing = 0;
		};
		B6D9FF76248911F40050A7D9 /* Sources */ = {
			isa = PBXSourcesBuildPhase;
			buildActionMask = 2147483647;
			files = (
				B6B027B824893F50003516D1 /* NewsServiceTests.swift in Sources */,
			);
			runOnlyForDeploymentPostprocessing = 0;
		};
		B6D9FF81248911F40050A7D9 /* Sources */ = {
			isa = PBXSourcesBuildPhase;
			buildActionMask = 2147483647;
			files = (
				B6D9FF8A248911F40050A7D9 /* NewsShowcaseUITests.swift in Sources */,
			);
			runOnlyForDeploymentPostprocessing = 0;
		};
/* End PBXSourcesBuildPhase section */

/* Begin PBXTargetDependency section */
		B6D9FF7C248911F40050A7D9 /* PBXTargetDependency */ = {
			isa = PBXTargetDependency;
			target = B6D9FF63248911F30050A7D9 /* NewsShowcase */;
			targetProxy = B6D9FF7B248911F40050A7D9 /* PBXContainerItemProxy */;
		};
		B6D9FF87248911F40050A7D9 /* PBXTargetDependency */ = {
			isa = PBXTargetDependency;
			target = B6D9FF63248911F30050A7D9 /* NewsShowcase */;
			targetProxy = B6D9FF86248911F40050A7D9 /* PBXContainerItemProxy */;
		};
/* End PBXTargetDependency section */

/* Begin PBXVariantGroup section */
		B6D9FF72248911F40050A7D9 /* LaunchScreen.storyboard */ = {
			isa = PBXVariantGroup;
			children = (
				B6D9FF73248911F40050A7D9 /* Base */,
			);
			name = LaunchScreen.storyboard;
			sourceTree = "<group>";
		};
/* End PBXVariantGroup section */

/* Begin XCBuildConfiguration section */
		B6D9FF8C248911F40050A7D9 /* Debug */ = {
			isa = XCBuildConfiguration;
			buildSettings = {
				ALWAYS_SEARCH_USER_PATHS = NO;
				CLANG_ANALYZER_NONNULL = YES;
				CLANG_ANALYZER_NUMBER_OBJECT_CONVERSION = YES_AGGRESSIVE;
				CLANG_CXX_LANGUAGE_STANDARD = "gnu++14";
				CLANG_CXX_LIBRARY = "libc++";
				CLANG_ENABLE_MODULES = YES;
				CLANG_ENABLE_OBJC_ARC = YES;
				CLANG_ENABLE_OBJC_WEAK = YES;
				CLANG_WARN_BLOCK_CAPTURE_AUTORELEASING = YES;
				CLANG_WARN_BOOL_CONVERSION = YES;
				CLANG_WARN_COMMA = YES;
				CLANG_WARN_CONSTANT_CONVERSION = YES;
				CLANG_WARN_DEPRECATED_OBJC_IMPLEMENTATIONS = YES;
				CLANG_WARN_DIRECT_OBJC_ISA_USAGE = YES_ERROR;
				CLANG_WARN_DOCUMENTATION_COMMENTS = YES;
				CLANG_WARN_EMPTY_BODY = YES;
				CLANG_WARN_ENUM_CONVERSION = YES;
				CLANG_WARN_INFINITE_RECURSION = YES;
				CLANG_WARN_INT_CONVERSION = YES;
				CLANG_WARN_NON_LITERAL_NULL_CONVERSION = YES;
				CLANG_WARN_OBJC_IMPLICIT_RETAIN_SELF = YES;
				CLANG_WARN_OBJC_LITERAL_CONVERSION = YES;
				CLANG_WARN_OBJC_ROOT_CLASS = YES_ERROR;
				CLANG_WARN_RANGE_LOOP_ANALYSIS = YES;
				CLANG_WARN_STRICT_PROTOTYPES = YES;
				CLANG_WARN_SUSPICIOUS_MOVE = YES;
				CLANG_WARN_UNGUARDED_AVAILABILITY = YES_AGGRESSIVE;
				CLANG_WARN_UNREACHABLE_CODE = YES;
				CLANG_WARN__DUPLICATE_METHOD_MATCH = YES;
				COPY_PHASE_STRIP = NO;
				DEBUG_INFORMATION_FORMAT = dwarf;
				ENABLE_STRICT_OBJC_MSGSEND = YES;
				ENABLE_TESTABILITY = YES;
				GCC_C_LANGUAGE_STANDARD = gnu11;
				GCC_DYNAMIC_NO_PIC = NO;
				GCC_NO_COMMON_BLOCKS = YES;
				GCC_OPTIMIZATION_LEVEL = 0;
				GCC_PREPROCESSOR_DEFINITIONS = (
					"DEBUG=1",
					"$(inherited)",
				);
				GCC_WARN_64_TO_32_BIT_CONVERSION = YES;
				GCC_WARN_ABOUT_RETURN_TYPE = YES_ERROR;
				GCC_WARN_UNDECLARED_SELECTOR = YES;
				GCC_WARN_UNINITIALIZED_AUTOS = YES_AGGRESSIVE;
				GCC_WARN_UNUSED_FUNCTION = YES;
				GCC_WARN_UNUSED_VARIABLE = YES;
				IPHONEOS_DEPLOYMENT_TARGET = 13.5;
				MTL_ENABLE_DEBUG_INFO = INCLUDE_SOURCE;
				MTL_FAST_MATH = YES;
				ONLY_ACTIVE_ARCH = YES;
				SDKROOT = iphoneos;
				SWIFT_ACTIVE_COMPILATION_CONDITIONS = DEBUG;
				SWIFT_OPTIMIZATION_LEVEL = "-Onone";
			};
			name = Debug;
		};
		B6D9FF8D248911F40050A7D9 /* Release */ = {
			isa = XCBuildConfiguration;
			buildSettings = {
				ALWAYS_SEARCH_USER_PATHS = NO;
				CLANG_ANALYZER_NONNULL = YES;
				CLANG_ANALYZER_NUMBER_OBJECT_CONVERSION = YES_AGGRESSIVE;
				CLANG_CXX_LANGUAGE_STANDARD = "gnu++14";
				CLANG_CXX_LIBRARY = "libc++";
				CLANG_ENABLE_MODULES = YES;
				CLANG_ENABLE_OBJC_ARC = YES;
				CLANG_ENABLE_OBJC_WEAK = YES;
				CLANG_WARN_BLOCK_CAPTURE_AUTORELEASING = YES;
				CLANG_WARN_BOOL_CONVERSION = YES;
				CLANG_WARN_COMMA = YES;
				CLANG_WARN_CONSTANT_CONVERSION = YES;
				CLANG_WARN_DEPRECATED_OBJC_IMPLEMENTATIONS = YES;
				CLANG_WARN_DIRECT_OBJC_ISA_USAGE = YES_ERROR;
				CLANG_WARN_DOCUMENTATION_COMMENTS = YES;
				CLANG_WARN_EMPTY_BODY = YES;
				CLANG_WARN_ENUM_CONVERSION = YES;
				CLANG_WARN_INFINITE_RECURSION = YES;
				CLANG_WARN_INT_CONVERSION = YES;
				CLANG_WARN_NON_LITERAL_NULL_CONVERSION = YES;
				CLANG_WARN_OBJC_IMPLICIT_RETAIN_SELF = YES;
				CLANG_WARN_OBJC_LITERAL_CONVERSION = YES;
				CLANG_WARN_OBJC_ROOT_CLASS = YES_ERROR;
				CLANG_WARN_RANGE_LOOP_ANALYSIS = YES;
				CLANG_WARN_STRICT_PROTOTYPES = YES;
				CLANG_WARN_SUSPICIOUS_MOVE = YES;
				CLANG_WARN_UNGUARDED_AVAILABILITY = YES_AGGRESSIVE;
				CLANG_WARN_UNREACHABLE_CODE = YES;
				CLANG_WARN__DUPLICATE_METHOD_MATCH = YES;
				COPY_PHASE_STRIP = NO;
				DEBUG_INFORMATION_FORMAT = "dwarf-with-dsym";
				ENABLE_NS_ASSERTIONS = NO;
				ENABLE_STRICT_OBJC_MSGSEND = YES;
				GCC_C_LANGUAGE_STANDARD = gnu11;
				GCC_NO_COMMON_BLOCKS = YES;
				GCC_WARN_64_TO_32_BIT_CONVERSION = YES;
				GCC_WARN_ABOUT_RETURN_TYPE = YES_ERROR;
				GCC_WARN_UNDECLARED_SELECTOR = YES;
				GCC_WARN_UNINITIALIZED_AUTOS = YES_AGGRESSIVE;
				GCC_WARN_UNUSED_FUNCTION = YES;
				GCC_WARN_UNUSED_VARIABLE = YES;
				IPHONEOS_DEPLOYMENT_TARGET = 13.5;
				MTL_ENABLE_DEBUG_INFO = NO;
				MTL_FAST_MATH = YES;
				SDKROOT = iphoneos;
				SWIFT_COMPILATION_MODE = wholemodule;
				SWIFT_OPTIMIZATION_LEVEL = "-O";
				VALIDATE_PRODUCT = YES;
			};
			name = Release;
		};
		B6D9FF8F248911F40050A7D9 /* Debug */ = {
			isa = XCBuildConfiguration;
			baseConfigurationReference = 105EABE21C2188E8E6B1B3EE /* Pods-NewsShowcase.debug.xcconfig */;
			buildSettings = {
				ASSETCATALOG_COMPILER_APPICON_NAME = AppIcon;
				CODE_SIGN_STYLE = Manual;
				DEVELOPMENT_TEAM = "";
				INFOPLIST_FILE = "$(SRCROOT)/NewsShowcase/Resources/Info.plist";
				IPHONEOS_DEPLOYMENT_TARGET = 10.0;
				LD_RUNPATH_SEARCH_PATHS = (
					"$(inherited)",
					"@executable_path/Frameworks",
				);
				PRODUCT_BUNDLE_IDENTIFIER = com.yunusalkan.NewsShowcase;
				PRODUCT_NAME = "$(TARGET_NAME)";
				PROVISIONING_PROFILE_SPECIFIER = "";
				SWIFT_VERSION = 5.0;
				TARGETED_DEVICE_FAMILY = "1,2";
			};
			name = Debug;
		};
		B6D9FF90248911F40050A7D9 /* Release */ = {
			isa = XCBuildConfiguration;
			baseConfigurationReference = F12BCB27663AFACEC451B39A /* Pods-NewsShowcase.release.xcconfig */;
			buildSettings = {
				ASSETCATALOG_COMPILER_APPICON_NAME = AppIcon;
				CODE_SIGN_STYLE = Manual;
				DEVELOPMENT_TEAM = "";
				INFOPLIST_FILE = "$(SRCROOT)/NewsShowcase/Resources/Info.plist";
				IPHONEOS_DEPLOYMENT_TARGET = 10.0;
				LD_RUNPATH_SEARCH_PATHS = (
					"$(inherited)",
					"@executable_path/Frameworks",
				);
				PRODUCT_BUNDLE_IDENTIFIER = com.yunusalkan.NewsShowcase;
				PRODUCT_NAME = "$(TARGET_NAME)";
				PROVISIONING_PROFILE_SPECIFIER = "";
				SWIFT_VERSION = 5.0;
				TARGETED_DEVICE_FAMILY = "1,2";
			};
			name = Release;
		};
		B6D9FF92248911F40050A7D9 /* Debug */ = {
			isa = XCBuildConfiguration;
			baseConfigurationReference = 63595AD401CE035B22E1C3F7 /* Pods-NewsShowcaseTests.debug.xcconfig */;
			buildSettings = {
				ALWAYS_EMBED_SWIFT_STANDARD_LIBRARIES = YES;
				BUNDLE_LOADER = "$(TEST_HOST)";
				CODE_SIGN_STYLE = Automatic;
				INFOPLIST_FILE = NewsShowcaseTests/Info.plist;
				IPHONEOS_DEPLOYMENT_TARGET = 13.5;
				LD_RUNPATH_SEARCH_PATHS = (
					"$(inherited)",
					"@executable_path/Frameworks",
					"@loader_path/Frameworks",
				);
				PRODUCT_BUNDLE_IDENTIFIER = com.yunusalkan.NewsShowcaseTests;
				PRODUCT_NAME = "$(TARGET_NAME)";
				SWIFT_VERSION = 5.0;
				TARGETED_DEVICE_FAMILY = "1,2";
				TEST_HOST = "$(BUILT_PRODUCTS_DIR)/NewsShowcase.app/NewsShowcase";
			};
			name = Debug;
		};
		B6D9FF93248911F40050A7D9 /* Release */ = {
			isa = XCBuildConfiguration;
			baseConfigurationReference = 8BE447FACD5C53981BF1C766 /* Pods-NewsShowcaseTests.release.xcconfig */;
			buildSettings = {
				ALWAYS_EMBED_SWIFT_STANDARD_LIBRARIES = YES;
				BUNDLE_LOADER = "$(TEST_HOST)";
				CODE_SIGN_STYLE = Automatic;
				INFOPLIST_FILE = NewsShowcaseTests/Info.plist;
				IPHONEOS_DEPLOYMENT_TARGET = 13.5;
				LD_RUNPATH_SEARCH_PATHS = (
					"$(inherited)",
					"@executable_path/Frameworks",
					"@loader_path/Frameworks",
				);
				PRODUCT_BUNDLE_IDENTIFIER = com.yunusalkan.NewsShowcaseTests;
				PRODUCT_NAME = "$(TARGET_NAME)";
				SWIFT_VERSION = 5.0;
				TARGETED_DEVICE_FAMILY = "1,2";
				TEST_HOST = "$(BUILT_PRODUCTS_DIR)/NewsShowcase.app/NewsShowcase";
			};
			name = Release;
		};
		B6D9FF95248911F40050A7D9 /* Debug */ = {
			isa = XCBuildConfiguration;
			baseConfigurationReference = EA9D63A127C9E3340601E926 /* Pods-NewsShowcase-NewsShowcaseUITests.debug.xcconfig */;
			buildSettings = {
				ALWAYS_EMBED_SWIFT_STANDARD_LIBRARIES = YES;
				CODE_SIGN_STYLE = Automatic;
				INFOPLIST_FILE = NewsShowcaseUITests/Info.plist;
				LD_RUNPATH_SEARCH_PATHS = (
					"$(inherited)",
					"@executable_path/Frameworks",
					"@loader_path/Frameworks",
				);
				PRODUCT_BUNDLE_IDENTIFIER = com.yunusalkan.NewsShowcaseUITests;
				PRODUCT_NAME = "$(TARGET_NAME)";
				SWIFT_VERSION = 5.0;
				TARGETED_DEVICE_FAMILY = "1,2";
				TEST_TARGET_NAME = NewsShowcase;
			};
			name = Debug;
		};
		B6D9FF96248911F40050A7D9 /* Release */ = {
			isa = XCBuildConfiguration;
			baseConfigurationReference = 4DD2BFC27904BF45E76CDEBF /* Pods-NewsShowcase-NewsShowcaseUITests.release.xcconfig */;
			buildSettings = {
				ALWAYS_EMBED_SWIFT_STANDARD_LIBRARIES = YES;
				CODE_SIGN_STYLE = Automatic;
				INFOPLIST_FILE = NewsShowcaseUITests/Info.plist;
				LD_RUNPATH_SEARCH_PATHS = (
					"$(inherited)",
					"@executable_path/Frameworks",
					"@loader_path/Frameworks",
				);
				PRODUCT_BUNDLE_IDENTIFIER = com.yunusalkan.NewsShowcaseUITests;
				PRODUCT_NAME = "$(TARGET_NAME)";
				SWIFT_VERSION = 5.0;
				TARGETED_DEVICE_FAMILY = "1,2";
				TEST_TARGET_NAME = NewsShowcase;
			};
			name = Release;
		};
/* End XCBuildConfiguration section */

/* Begin XCConfigurationList section */
		B6D9FF5F248911F30050A7D9 /* Build configuration list for PBXProject "NewsShowcase" */ = {
			isa = XCConfigurationList;
			buildConfigurations = (
				B6D9FF8C248911F40050A7D9 /* Debug */,
				B6D9FF8D248911F40050A7D9 /* Release */,
			);
			defaultConfigurationIsVisible = 0;
			defaultConfigurationName = Release;
		};
		B6D9FF8E248911F40050A7D9 /* Build configuration list for PBXNativeTarget "NewsShowcase" */ = {
			isa = XCConfigurationList;
			buildConfigurations = (
				B6D9FF8F248911F40050A7D9 /* Debug */,
				B6D9FF90248911F40050A7D9 /* Release */,
			);
			defaultConfigurationIsVisible = 0;
			defaultConfigurationName = Release;
		};
		B6D9FF91248911F40050A7D9 /* Build configuration list for PBXNativeTarget "NewsShowcaseTests" */ = {
			isa = XCConfigurationList;
			buildConfigurations = (
				B6D9FF92248911F40050A7D9 /* Debug */,
				B6D9FF93248911F40050A7D9 /* Release */,
			);
			defaultConfigurationIsVisible = 0;
			defaultConfigurationName = Release;
		};
		B6D9FF94248911F40050A7D9 /* Build configuration list for PBXNativeTarget "NewsShowcaseUITests" */ = {
			isa = XCConfigurationList;
			buildConfigurations = (
				B6D9FF95248911F40050A7D9 /* Debug */,
				B6D9FF96248911F40050A7D9 /* Release */,
			);
			defaultConfigurationIsVisible = 0;
			defaultConfigurationName = Release;
		};
/* End XCConfigurationList section */
	};
	rootObject = B6D9FF5C248911F30050A7D9 /* Project object */;
}
